lockfileVersion: '9.0'

settings:
  autoInstallPeers: true
  excludeLinksFromLockfile: false

importers:

  .:
    dependencies:
      chalk:
        specifier: ^5.3.0
        version: 5.3.0
      dotenv:
        specifier: ^16.4.7
        version: 16.4.7
      gradient-string:
        specifier: ^3.0.0
        version: 3.0.0
      inquirer:
        specifier: ^12.0.0
        version: 12.0.0(@types/node@22.7.5)
      nanospinner:
        specifier: ^1.1.0
        version: 1.1.0
      simple-git:
        specifier: ^3.27.0
        version: 3.27.0

packages:

  '@inquirer/checkbox@4.0.0':
    resolution: {integrity: sha512-TNd+u1fAG8vf8YMgXzK2BI0u0xsphFv//T5rpF1eZ+8AAXby5Ll1qptr4/XVS45dvWDIzuBmmWIpVJRvnaNqzQ==}
    engines: {node: '>=18'}

  '@inquirer/confirm@5.0.0':
    resolution: {integrity: sha512-6QEzj6bZg8atviRIL+pR0tODC854cYSjvZxkyCarr8DVaOJPEyuGys7GmEG3W0Rb8kKSQec7P6okt0sJvNneFw==}
    engines: {node: '>=18'}

  '@inquirer/core@10.0.0':
    resolution: {integrity: sha512-7dwoKCGvgZGHWTZfOj2KLmbIAIdiXP9NTrwGaTO/XDfKMEmyBahZpnombiG6JDHmiOrmK3GLEJRXrWExXCDLmQ==}
    engines: {node: '>=18'}

  '@inquirer/editor@4.0.0':
    resolution: {integrity: sha512-bhHAP7hIOxUjiTZrpjyAYD+2RFRa+PNutWeW7JdDPcWWG3GVRiFsu3pBGw9kN2PktoiilDWFGSR0dwXBzGQang==}
    engines: {node: '>=18'}

  '@inquirer/expand@4.0.0':
    resolution: {integrity: sha512-mR7JHNIvCB4o12f75KN42he7s1O9tmcSN4wJ6l04oymfXKLn+lYJFI7z9lbe4/Ald6fm8nuF38fuY5hNPl3B+A==}
    engines: {node: '>=18'}

  '@inquirer/figures@1.0.7':
    resolution: {integrity: sha512-m+Trk77mp54Zma6xLkLuY+mvanPxlE4A7yNKs2HBiyZ4UkVs28Mv5c/pgWrHeInx+USHeX/WEPzjrWrcJiQgjw==}
    engines: {node: '>=18'}

  '@inquirer/input@4.0.0':
    resolution: {integrity: sha512-LD7MNzaX+q2OpU4Fn0i/SedhnnBCAnEzRr6L0MP6ohofFFlx9kp5EXX7flbRZlUnh8icOwC3NFmXTyP76hvo0g==}
    engines: {node: '>=18'}

  '@inquirer/number@3.0.0':
    resolution: {integrity: sha512-DUYfROyQNWm3q+JXL3S6s1/y/cOWRstnmt5zDXhdYNJ5N8TgCnHcDXKwW/dRZL7eBZupmDVHxdKCWZDUYUqmeg==}
    engines: {node: '>=18'}

  '@inquirer/password@4.0.0':
    resolution: {integrity: sha512-W4QRSzJDMKIvWSvQWOIhs6qba1MJ6yIoy+sazSFhl2QIwn58B0Yw3iZ/zLk3QqVcCsTmKcyrSNVWUJ5RVDLStw==}
    engines: {node: '>=18'}

  '@inquirer/prompts@7.0.0':
    resolution: {integrity: sha512-y8kX/TmyBqV0H1i3cWbhiTljcuBtgVgyVXAVub3ba1j5/G+dxhYohK1JLRkaosPGKKf3LnEJsYK+GPabpfnaHw==}
    engines: {node: '>=18'}

  '@inquirer/rawlist@4.0.0':
    resolution: {integrity: sha512-frzJNoMsQBO1fxLXrtpxt2c8hUy/ASEmBpIOEnXY2CjylPnLsVyxrEq7hcOIqVJKHn1tIPfplfiSPowOTrrUDg==}
    engines: {node: '>=18'}

  '@inquirer/search@3.0.0':
    resolution: {integrity: sha512-AT9vkC2KD/PLHZZXIW5Tn/FnJzEU3xEZMLxNo9OggKoreDEKfTOKVM1LkYbDg6UQUOOjntXd0SsrvoHfCzS8cw==}
    engines: {node: '>=18'}

  '@inquirer/select@4.0.0':
    resolution: {integrity: sha512-XTN4AIFusWbNCBU1Xm2YDxbtH94e/FOrC27U3QargSsoDT1mRm+aLfqE+oOZnUuxwtTnInRT8UHRU3MVOu52wg==}
    engines: {node: '>=18'}

  '@inquirer/type@3.0.0':
    resolution: {integrity: sha512-YYykfbw/lefC7yKj7nanzQXILM7r3suIvyFlCcMskc99axmsSewXWkAfXKwMbgxL76iAFVmRwmYdwNZNc8gjog==}
    engines: {node: '>=18'}
    peerDependencies:
      '@types/node': '>=18'

  '@kwsites/file-exists@1.1.1':
    resolution: {integrity: sha512-m9/5YGR18lIwxSFDwfE3oA7bWuq9kdau6ugN4H2rJeyhFQZcG9AgSHkQtSD15a8WvTgfz9aikZMrKPHvbpqFiw==}

  '@kwsites/promise-deferred@1.1.1':
    resolution: {integrity: sha512-GaHYm+c0O9MjZRu0ongGBRbinu8gVAMd2UZjji6jVmqKtZluZnptXGWhz1E8j8D2HJ3f/yMxKAUC0b+57wncIw==}

  '@types/node@22.7.5':
    resolution: {integrity: sha512-jML7s2NAzMWc//QSJ1a3prpk78cOPchGvXJsC3C6R6PSMoooztvRVQEz89gmBTBY1SPMaqo5teB4uNHPdetShQ==}

  '@types/tinycolor2@1.4.6':
    resolution: {integrity: sha512-iEN8J0BoMnsWBqjVbWH/c0G0Hh7O21lpR2/+PrvAVgWdzL7eexIFm4JN/Wn10PTcmNdtS6U67r499mlWMXOxNw==}

  ansi-escapes@4.3.2:
    resolution: {integrity: sha512-gKXj5ALrKWQLsYG9jlTRmR/xKluxHV+Z9QEwNIgCfM1/uwPMCuzVVnh5mwTd+OuBZcwSIMbqssNWRm1lE51QaQ==}
    engines: {node: '>=8'}

  ansi-regex@5.0.1:
    resolution: {integrity: sha512-quJQXlTSUGL2LH9SUXo8VwsY4soanhgo6LNSm84E1LBcE8s3O0wpdiRzyR9z/ZZJMlMWv37qOOb9pdJlMUEKFQ==}
    engines: {node: '>=8'}

  ansi-styles@4.3.0:
    resolution: {integrity: sha512-zbB9rCJAT1rbjiVDb2hqKFHNYLxgtk8NURxZ3IZwD3F6NtxbXZQCnnSi1Lkx+IDohdPlFp222wVALIheZJQSEg==}
    engines: {node: '>=8'}

  chalk@5.3.0:
    resolution: {integrity: sha512-dLitG79d+GV1Nb/VYcCDFivJeK1hiukt9QjRNVOsUtTy1rR1YJsmpGGTZ3qJos+uw7WmWF4wUwBd9jxjocFC2w==}
    engines: {node: ^12.17.0 || ^14.13 || >=16.0.0}

  chardet@0.7.0:
    resolution: {integrity: sha512-mT8iDcrh03qDGRRmoA2hmBJnxpllMR+0/0qlzjqZES6NdiWDcZkCNAk4rPFZ9Q85r27unkiNNg8ZOiwZXBHwcA==}

  cli-width@4.1.0:
    resolution: {integrity: sha512-ouuZd4/dm2Sw5Gmqy6bGyNNNe1qt9RpmxveLSO7KcgsTnU7RXfsw+/bukWGo1abgBiMAic068rclZsO4IWmmxQ==}
    engines: {node: '>= 12'}

  color-convert@2.0.1:
    resolution: {integrity: sha512-RRECPsj7iu/xb5oKYcsFHSppFNnsj/52OVTRKb4zP5onXwVF3zVmmToNcOfGC+CRDpfK/U584fMg38ZHCaElKQ==}
    engines: {node: '>=7.0.0'}

  color-name@1.1.4:
    resolution: {integrity: sha512-dOy+3AuW3a2wNbZHIuMZpTcgjGuLU/uBL/ubcZF9OXbDo8ff4O8yVp5Bf0efS8uEoYo5q4Fx7dY9OgQGXgAsQA==}

  debug@4.3.7:
    resolution: {integrity: sha512-Er2nc/H7RrMXZBFCEim6TCmMk02Z8vLC2Rbi1KEBggpo0fS6l0S1nnapwmIi3yW/+GOJap1Krg4w0Hg80oCqgQ==}
    engines: {node: '>=6.0'}
    peerDependencies:
      supports-color: '*'
    peerDependenciesMeta:
      supports-color:
        optional: true

  dotenv@16.4.7:
    resolution: {integrity: sha512-47qPchRCykZC03FhkYAhrvwU4xDBFIj1QPqaarj6mdM/hgUzfPHcpkHJOn3mJAufFeeAxAzeGsr5X0M4k6fLZQ==}
    engines: {node: '>=12'}

  emoji-regex@8.0.0:
    resolution: {integrity: sha512-MSjYzcWNOA0ewAHpz0MxpYFvwg6yjy1NG3xteoqz644VCo/RPgnr1/GGt+ic3iJTzQ8Eu3TdM14SawnVUmGE6A==}

  external-editor@3.1.0:
    resolution: {integrity: sha512-hMQ4CX1p1izmuLYyZqLMO/qGNw10wSv9QDCPfzXfyFrOaCSSoRfqE1Kf1s5an66J5JZC62NewG+mK49jOCtQew==}
    engines: {node: '>=4'}

  gradient-string@3.0.0:
    resolution: {integrity: sha512-frdKI4Qi8Ihp4C6wZNB565de/THpIaw3DjP5ku87M+N9rNSGmPTjfkq61SdRXB7eCaL8O1hkKDvf6CDMtOzIAg==}
    engines: {node: '>=14'}

  iconv-lite@0.4.24:
    resolution: {integrity: sha512-v3MXnZAcvnywkTUEZomIActle7RXXeedOR31wwl7VlyoXO4Qi9arvSenNQWne1TcRwhCL1HwLI21bEqdpj8/rA==}
    engines: {node: '>=0.10.0'}

  inquirer@12.0.0:
    resolution: {integrity: sha512-W3mwgzLtWIqHndtAb82zCHbRfdPit3jcqEyYkAjM/4p15g/1tOoduYydx6IJ3sh31FHT82YoqYZB8RoTwoMy7w==}
    engines: {node: '>=18'}

  is-fullwidth-code-point@3.0.0:
    resolution: {integrity: sha512-zymm5+u+sCsSWyD9qNaejV3DFvhCKclKdizYaJUuHA83RLjb7nSuGnddCHGv0hk+KY7BMAlsWeK4Ueg6EV6XQg==}
    engines: {node: '>=8'}

  ms@2.1.3:
    resolution: {integrity: sha512-6FlzubTLZG3J2a/NVCAleEhjzq5oxgHyaCU9yYXvcLsvoVaHJq/s5xXI6/XXP6tz7R9xAOtHnSO/tXtF3WRTlA==}

  mute-stream@2.0.0:
    resolution: {integrity: sha512-WWdIxpyjEn+FhQJQQv9aQAYlHoNVdzIzUySNV1gHUPDSdZJ3yZn7pAAbQcV7B56Mvu881q9FZV+0Vx2xC44VWA==}
    engines: {node: ^18.17.0 || >=20.5.0}

  nanospinner@1.1.0:
    resolution: {integrity: sha512-yFvNYMig4AthKYfHFl1sLj7B2nkHL4lzdig4osvl9/LdGbXwrdFRoqBS98gsEsOakr0yH+r5NZ/1Y9gdVB8trA==}

  os-tmpdir@1.0.2:
    resolution: {integrity: sha512-D2FR03Vir7FIu45XBY20mTb+/ZSWB00sjU9jdQXt83gDrI4Ztz5Fs7/yy74g2N5SVQY4xY1qDr4rNddwYRVX0g==}
    engines: {node: '>=0.10.0'}

  picocolors@1.1.0:
    resolution: {integrity: sha512-TQ92mBOW0l3LeMeyLV6mzy/kWr8lkd/hp3mTg7wYK7zJhuBStmGMBG0BdeDZS/dZx1IukaX6Bk11zcln25o1Aw==}

  run-async@3.0.0:
    resolution: {integrity: sha512-540WwVDOMxA6dN6We19EcT9sc3hkXPw5mzRNGM3FkdN/vtE9NFvj5lFAPNwUDmJjXidm3v7TC1cTE7t17Ulm1Q==}
    engines: {node: '>=0.12.0'}

  rxjs@7.8.1:
    resolution: {integrity: sha512-AA3TVj+0A2iuIoQkWEK/tqFjBq2j+6PO6Y0zJcvzLAFhEFIO3HL0vls9hWLncZbAAbK0mar7oZ4V079I/qPMxg==}

  safer-buffer@2.1.2:
    resolution: {integrity: sha512-YZo3K82SD7Riyi0E1EQPojLz7kpepnSQI9IyPbHHg1XXXevb5dJI7tpyN2ADxGcQbHG7vcyRHk0cbwqcQriUtg==}

  signal-exit@4.1.0:
    resolution: {integrity: sha512-bzyZ1e88w9O1iNJbKnOlvYTrWPDl46O1bG0D3XInv+9tkPrxrN8jUUTiFlDkkmKWgn1M6CfIA13SuGqOa9Korw==}
    engines: {node: '>=14'}

  simple-git@3.27.0:
    resolution: {integrity: sha512-ivHoFS9Yi9GY49ogc6/YAi3Fl9ROnF4VyubNylgCkA+RVqLaKWnDSzXOVzya8csELIaWaYNutsEuAhZrtOjozA==}

  string-width@4.2.3:
    resolution: {integrity: sha512-wKyQRQpjJ0sIp62ErSZdGsjMJWsap5oRNihHhu6G7JVO/9jIB6UyevL+tXuOqrng8j/cxKTWyWUwvSTriiZz/g==}
    engines: {node: '>=8'}

  strip-ansi@6.0.1:
    resolution: {integrity: sha512-Y38VPSHcqkFrCpFnQ9vuSXmquuv5oXOKpGeT6aGrr3o3Gc9AlVa6JBfUSOCnbxGGZF+/0ooI7KrPuUSztUdU5A==}
    engines: {node: '>=8'}

  tinycolor2@1.6.0:
    resolution: {integrity: sha512-XPaBkWQJdsf3pLKJV9p4qN/S+fm2Oj8AIPo1BTUhg5oxkvm9+SVEGFdhyOz7tTdUTfvxMiAs4sp6/eZO2Ew+pw==}

  tinygradient@1.1.5:
    resolution: {integrity: sha512-8nIfc2vgQ4TeLnk2lFj4tRLvvJwEfQuabdsmvDdQPT0xlk9TaNtpGd6nNRxXoK6vQhN6RSzj+Cnp5tTQmpxmbw==}

  tmp@0.0.33:
    resolution: {integrity: sha512-jRCJlojKnZ3addtTOjdIqoRuPEKBvNXcGYqzO6zWZX8KfKEpnGY5jfggJQ3EjKuu8D4bJRr0y+cYJFmYbImXGw==}
    engines: {node: '>=0.6.0'}

  tslib@2.7.0:
    resolution: {integrity: sha512-gLXCKdN1/j47AiHiOkJN69hJmcbGTHI0ImLmbYLHykhgeN0jVGola9yVjFgzCUklsZQMW55o+dW7IXv3RCXDzA==}

  type-fest@0.21.3:
    resolution: {integrity: sha512-t0rzBq87m3fVcduHDUFhKmyyX+9eo6WQjZvf51Ea/M0Q7+T374Jp1aUiyUl0GKxp8M/OETVHSDvmkyPgvX+X2w==}
    engines: {node: '>=10'}

  undici-types@6.19.8:
    resolution: {integrity: sha512-ve2KP6f/JnbPBFyobGHuerC9g1FYGn/F8n1LWTwNxCEzd6IfqTwUQcNXgEtmmQ6DlRrC1hrSrBnCZPokRrDHjw==}

  wrap-ansi@6.2.0:
    resolution: {integrity: sha512-r6lPcBGxZXlIcymEu7InxDMhdW0KDxpLgoFLcguasxCaJ/SOIZwINatK9KY/tf+ZrlywOKU0UDj3ATXUBfxJXA==}
    engines: {node: '>=8'}

  yoctocolors-cjs@2.1.2:
    resolution: {integrity: sha512-cYVsTjKl8b+FrnidjibDWskAv7UKOfcwaVZdp/it9n1s9fU3IkgDbhdIRKCW4JDsAlECJY0ytoVPT3sK6kideA==}
    engines: {node: '>=18'}

snapshots:

  '@inquirer/checkbox@4.0.0(@types/node@22.7.5)':
    dependencies:
      '@inquirer/core': 10.0.0(@types/node@22.7.5)
      '@inquirer/figures': 1.0.7
      '@inquirer/type': 3.0.0(@types/node@22.7.5)
      ansi-escapes: 4.3.2
      yoctocolors-cjs: 2.1.2
    transitivePeerDependencies:
      - '@types/node'

  '@inquirer/confirm@5.0.0(@types/node@22.7.5)':
    dependencies:
      '@inquirer/core': 10.0.0(@types/node@22.7.5)
      '@inquirer/type': 3.0.0(@types/node@22.7.5)
    transitivePeerDependencies:
      - '@types/node'

  '@inquirer/core@10.0.0(@types/node@22.7.5)':
    dependencies:
      '@inquirer/figures': 1.0.7
      '@inquirer/type': 3.0.0(@types/node@22.7.5)
      ansi-escapes: 4.3.2
      cli-width: 4.1.0
      mute-stream: 2.0.0
      signal-exit: 4.1.0
      strip-ansi: 6.0.1
      wrap-ansi: 6.2.0
      yoctocolors-cjs: 2.1.2
    transitivePeerDependencies:
      - '@types/node'

  '@inquirer/editor@4.0.0(@types/node@22.7.5)':
    dependencies:
      '@inquirer/core': 10.0.0(@types/node@22.7.5)
      '@inquirer/type': 3.0.0(@types/node@22.7.5)
      external-editor: 3.1.0
    transitivePeerDependencies:
      - '@types/node'

  '@inquirer/expand@4.0.0(@types/node@22.7.5)':
    dependencies:
      '@inquirer/core': 10.0.0(@types/node@22.7.5)
      '@inquirer/type': 3.0.0(@types/node@22.7.5)
      yoctocolors-cjs: 2.1.2
    transitivePeerDependencies:
      - '@types/node'

  '@inquirer/figures@1.0.7': {}

  '@inquirer/input@4.0.0(@types/node@22.7.5)':
    dependencies:
      '@inquirer/core': 10.0.0(@types/node@22.7.5)
      '@inquirer/type': 3.0.0(@types/node@22.7.5)
    transitivePeerDependencies:
      - '@types/node'

  '@inquirer/number@3.0.0(@types/node@22.7.5)':
    dependencies:
      '@inquirer/core': 10.0.0(@types/node@22.7.5)
      '@inquirer/type': 3.0.0(@types/node@22.7.5)
    transitivePeerDependencies:
      - '@types/node'

  '@inquirer/password@4.0.0(@types/node@22.7.5)':
    dependencies:
      '@inquirer/core': 10.0.0(@types/node@22.7.5)
      '@inquirer/type': 3.0.0(@types/node@22.7.5)
      ansi-escapes: 4.3.2
    transitivePeerDependencies:
      - '@types/node'

  '@inquirer/prompts@7.0.0(@types/node@22.7.5)':
    dependencies:
      '@inquirer/checkbox': 4.0.0(@types/node@22.7.5)
      '@inquirer/confirm': 5.0.0(@types/node@22.7.5)
      '@inquirer/editor': 4.0.0(@types/node@22.7.5)
      '@inquirer/expand': 4.0.0(@types/node@22.7.5)
      '@inquirer/input': 4.0.0(@types/node@22.7.5)
      '@inquirer/number': 3.0.0(@types/node@22.7.5)
      '@inquirer/password': 4.0.0(@types/node@22.7.5)
      '@inquirer/rawlist': 4.0.0(@types/node@22.7.5)
      '@inquirer/search': 3.0.0(@types/node@22.7.5)
      '@inquirer/select': 4.0.0(@types/node@22.7.5)
    transitivePeerDependencies:
      - '@types/node'

  '@inquirer/rawlist@4.0.0(@types/node@22.7.5)':
    dependencies:
      '@inquirer/core': 10.0.0(@types/node@22.7.5)
      '@inquirer/type': 3.0.0(@types/node@22.7.5)
      yoctocolors-cjs: 2.1.2
    transitivePeerDependencies:
      - '@types/node'

  '@inquirer/search@3.0.0(@types/node@22.7.5)':
    dependencies:
      '@inquirer/core': 10.0.0(@types/node@22.7.5)
      '@inquirer/figures': 1.0.7
      '@inquirer/type': 3.0.0(@types/node@22.7.5)
      yoctocolors-cjs: 2.1.2
    transitivePeerDependencies:
      - '@types/node'

  '@inquirer/select@4.0.0(@types/node@22.7.5)':
    dependencies:
      '@inquirer/core': 10.0.0(@types/node@22.7.5)
      '@inquirer/figures': 1.0.7
      '@inquirer/type': 3.0.0(@types/node@22.7.5)
      ansi-escapes: 4.3.2
      yoctocolors-cjs: 2.1.2
    transitivePeerDependencies:
      - '@types/node'

  '@inquirer/type@3.0.0(@types/node@22.7.5)':
    dependencies:
      '@types/node': 22.7.5

  '@kwsites/file-exists@1.1.1':
    dependencies:
      debug: 4.3.7
    transitivePeerDependencies:
      - supports-color

  '@kwsites/promise-deferred@1.1.1': {}

  '@types/node@22.7.5':
    dependencies:
      undici-types: 6.19.8

  '@types/tinycolor2@1.4.6': {}

  ansi-escapes@4.3.2:
    dependencies:
      type-fest: 0.21.3

  ansi-regex@5.0.1: {}

  ansi-styles@4.3.0:
    dependencies:
      color-convert: 2.0.1

  chalk@5.3.0: {}

  chardet@0.7.0: {}

  cli-width@4.1.0: {}

  color-convert@2.0.1:
    dependencies:
      color-name: 1.1.4

  color-name@1.1.4: {}

  debug@4.3.7:
    dependencies:
      ms: 2.1.3

  dotenv@16.4.7: {}

  emoji-regex@8.0.0: {}

  external-editor@3.1.0:
    dependencies:
      chardet: 0.7.0
      iconv-lite: 0.4.24
      tmp: 0.0.33

  gradient-string@3.0.0:
    dependencies:
      chalk: 5.3.0
      tinygradient: 1.1.5

  iconv-lite@0.4.24:
    dependencies:
      safer-buffer: 2.1.2

  inquirer@12.0.0(@types/node@22.7.5):
    dependencies:
      '@inquirer/core': 10.0.0(@types/node@22.7.5)
      '@inquirer/prompts': 7.0.0(@types/node@22.7.5)
      '@inquirer/type': 3.0.0(@types/node@22.7.5)
      ansi-escapes: 4.3.2
      mute-stream: 2.0.0
      run-async: 3.0.0
      rxjs: 7.8.1
    transitivePeerDependencies:
      - '@types/node'

  is-fullwidth-code-point@3.0.0: {}

  ms@2.1.3: {}

  mute-stream@2.0.0: {}

  nanospinner@1.1.0:
    dependencies:
      picocolors: 1.1.0

  os-tmpdir@1.0.2: {}

  picocolors@1.1.0: {}

  run-async@3.0.0: {}

  rxjs@7.8.1:
    dependencies:
      tslib: 2.7.0

  safer-buffer@2.1.2: {}

  signal-exit@4.1.0: {}

  simple-git@3.27.0:
    dependencies:
      '@kwsites/file-exists': 1.1.1
      '@kwsites/promise-deferred': 1.1.1
      debug: 4.3.7
    transitivePeerDependencies:
      - supports-color

  string-width@4.2.3:
    dependencies:
      emoji-regex: 8.0.0
      is-fullwidth-code-point: 3.0.0
      strip-ansi: 6.0.1

  strip-ansi@6.0.1:
    dependencies:
      ansi-regex: 5.0.1

  tinycolor2@1.6.0: {}

  tinygradient@1.1.5:
    dependencies:
      '@types/tinycolor2': 1.4.6
      tinycolor2: 1.6.0

  tmp@0.0.33:
    dependencies:
      os-tmpdir: 1.0.2

  tslib@2.7.0: {}

  type-fest@0.21.3: {}

  undici-types@6.19.8: {}

  wrap-ansi@6.2.0:
    dependencies:
      ansi-styles: 4.3.0
      string-width: 4.2.3
      strip-ansi: 6.0.1

  yoctocolors-cjs@2.1.2: {}
